// !$*UTF8*$!
{
	archiveVersion = 1;
	classes = {
	};
	objectVersion = 56;
	objects = {

/* Begin PBXBuildFile section */
		CE252F392B3C7463009CBD15 /* Auth.swift in Sources */ = {isa = PBXBuildFile; fileRef = CE252F382B3C7463009CBD15 /* Auth.swift */; };
		CE5E89F22B4D529700578611 /* LoadingView.swift in Sources */ = {isa = PBXBuildFile; fileRef = CE5E89F12B4D529700578611 /* LoadingView.swift */; };
		CE848CDF2B3967000007D8D1 /* SplashView.swift in Sources */ = {isa = PBXBuildFile; fileRef = CE848CDE2B3967000007D8D1 /* SplashView.swift */; };
		CE848CE32B3967570007D8D1 /* CustomButton.swift in Sources */ = {isa = PBXBuildFile; fileRef = CE848CE22B3967570007D8D1 /* CustomButton.swift */; };
		CE848CE52B39676E0007D8D1 /* PlaySound.swift in Sources */ = {isa = PBXBuildFile; fileRef = CE848CE42B39676E0007D8D1 /* PlaySound.swift */; };
		CE8D54F92B32DCE100806426 /* clientApp.swift in Sources */ = {isa = PBXBuildFile; fileRef = CE8D54F82B32DCE100806426 /* clientApp.swift */; };
		CE8D54FB2B32DCE100806426 /* TopView.swift in Sources */ = {isa = PBXBuildFile; fileRef = CE8D54FA2B32DCE100806426 /* TopView.swift */; };
		CE8D55002B32DCE300806426 /* Preview Assets.xcassets in Resources */ = {isa = PBXBuildFile; fileRef = CE8D54FF2B32DCE300806426 /* Preview Assets.xcassets */; };
		CE8D55102B32E8FE00806426 /* LoginEntryView.swift in Sources */ = {isa = PBXBuildFile; fileRef = CE8D550F2B32E8FE00806426 /* LoginEntryView.swift */; };
		CE8D55122B32E91C00806426 /* RegisterEntryView.swift in Sources */ = {isa = PBXBuildFile; fileRef = CE8D55112B32E91C00806426 /* RegisterEntryView.swift */; };
		CE8D55142B32E97000806426 /* LoginMainView.swift in Sources */ = {isa = PBXBuildFile; fileRef = CE8D55132B32E97000806426 /* LoginMainView.swift */; };
		CE8D55162B32E9B800806426 /* RegisterMainView.swift in Sources */ = {isa = PBXBuildFile; fileRef = CE8D55152B32E9B800806426 /* RegisterMainView.swift */; };
		CE8D55182B32EA1B00806426 /* SelectImageView.swift in Sources */ = {isa = PBXBuildFile; fileRef = CE8D55172B32EA1B00806426 /* SelectImageView.swift */; };
		CE8D551A2B32EA4100806426 /* TakeArPhotoView.swift in Sources */ = {isa = PBXBuildFile; fileRef = CE8D55192B32EA4100806426 /* TakeArPhotoView.swift */; };
		CE8D551C2B32EA7900806426 /* AlbumView.swift in Sources */ = {isa = PBXBuildFile; fileRef = CE8D551B2B32EA7900806426 /* AlbumView.swift */; };
		CE8D551E2B32EA9200806426 /* TakePhotoView.swift in Sources */ = {isa = PBXBuildFile; fileRef = CE8D551D2B32EA9200806426 /* TakePhotoView.swift */; };
		CE8D55202B32EAE000806426 /* DrawingView.swift in Sources */ = {isa = PBXBuildFile; fileRef = CE8D551F2B32EAE000806426 /* DrawingView.swift */; };
		CE8D55222B32ED3F00806426 /* HomeView.swift in Sources */ = {isa = PBXBuildFile; fileRef = CE8D55212B32ED3F00806426 /* HomeView.swift */; };
		CE8D552B2B3443F900806426 /* ImageData.swift in Sources */ = {isa = PBXBuildFile; fileRef = CE8D552A2B3443F900806426 /* ImageData.swift */; };
		CEA3DB532B4E896800323365 /* Assets.xcassets in Resources */ = {isa = PBXBuildFile; fileRef = CEA3DB522B4E896800323365 /* Assets.xcassets */; };
		CEA3DB552B4E8C0400323365 /* ArSplash.swift in Sources */ = {isa = PBXBuildFile; fileRef = CEA3DB542B4E8C0400323365 /* ArSplash.swift */; };
		CEB9CDA92B3ADEF80066D3F3 /* Albums.swift in Sources */ = {isa = PBXBuildFile; fileRef = CEB9CDA82B3ADEF80066D3F3 /* Albums.swift */; };
		CEC7D86F2B332FB200C4B152 /* Alamofire in Frameworks */ = {isa = PBXBuildFile; productRef = CEC7D86E2B332FB200C4B152 /* Alamofire */; };
		CEC7D8722B33308600C4B152 /* Useage.swift in Sources */ = {isa = PBXBuildFile; fileRef = CEC7D8712B33308600C4B152 /* Useage.swift */; };
		CEC7D8742B3330A400C4B152 /* Images.swift in Sources */ = {isa = PBXBuildFile; fileRef = CEC7D8732B3330A400C4B152 /* Images.swift */; };
/* End PBXBuildFile section */

/* Begin PBXFileReference section */
		CE252F382B3C7463009CBD15 /* Auth.swift */ = {isa = PBXFileReference; lastKnownFileType = sourcecode.swift; path = Auth.swift; sourceTree = "<group>"; };
		CE5E89F12B4D529700578611 /* LoadingView.swift */ = {isa = PBXFileReference; lastKnownFileType = sourcecode.swift; path = LoadingView.swift; sourceTree = "<group>"; };
		CE848CDE2B3967000007D8D1 /* SplashView.swift */ = {isa = PBXFileReference; lastKnownFileType = sourcecode.swift; path = SplashView.swift; sourceTree = "<group>"; };
		CE848CE22B3967570007D8D1 /* CustomButton.swift */ = {isa = PBXFileReference; lastKnownFileType = sourcecode.swift; path = CustomButton.swift; sourceTree = "<group>"; };
		CE848CE42B39676E0007D8D1 /* PlaySound.swift */ = {isa = PBXFileReference; lastKnownFileType = sourcecode.swift; path = PlaySound.swift; sourceTree = "<group>"; };
		CE8D54F52B32DCE100806426 /* client.app */ = {isa = PBXFileReference; explicitFileType = wrapper.application; includeInIndex = 0; path = client.app; sourceTree = BUILT_PRODUCTS_DIR; };
		CE8D54F82B32DCE100806426 /* clientApp.swift */ = {isa = PBXFileReference; lastKnownFileType = sourcecode.swift; path = clientApp.swift; sourceTree = "<group>"; };
		CE8D54FA2B32DCE100806426 /* TopView.swift */ = {isa = PBXFileReference; lastKnownFileType = sourcecode.swift; path = TopView.swift; sourceTree = "<group>"; };
		CE8D54FF2B32DCE300806426 /* Preview Assets.xcassets */ = {isa = PBXFileReference; lastKnownFileType = folder.assetcatalog; path = "Preview Assets.xcassets"; sourceTree = "<group>"; };
		CE8D550F2B32E8FE00806426 /* LoginEntryView.swift */ = {isa = PBXFileReference; lastKnownFileType = sourcecode.swift; path = LoginEntryView.swift; sourceTree = "<group>"; };
		CE8D55112B32E91C00806426 /* RegisterEntryView.swift */ = {isa = PBXFileReference; lastKnownFileType = sourcecode.swift; path = RegisterEntryView.swift; sourceTree = "<group>"; };
		CE8D55132B32E97000806426 /* LoginMainView.swift */ = {isa = PBXFileReference; lastKnownFileType = sourcecode.swift; path = LoginMainView.swift; sourceTree = "<group>"; };
		CE8D55152B32E9B800806426 /* RegisterMainView.swift */ = {isa = PBXFileReference; lastKnownFileType = sourcecode.swift; path = RegisterMainView.swift; sourceTree = "<group>"; };
		CE8D55172B32EA1B00806426 /* SelectImageView.swift */ = {isa = PBXFileReference; lastKnownFileType = sourcecode.swift; path = SelectImageView.swift; sourceTree = "<group>"; };
		CE8D55192B32EA4100806426 /* TakeArPhotoView.swift */ = {isa = PBXFileReference; lastKnownFileType = sourcecode.swift; path = TakeArPhotoView.swift; sourceTree = "<group>"; };
		CE8D551B2B32EA7900806426 /* AlbumView.swift */ = {isa = PBXFileReference; lastKnownFileType = sourcecode.swift; path = AlbumView.swift; sourceTree = "<group>"; };
		CE8D551D2B32EA9200806426 /* TakePhotoView.swift */ = {isa = PBXFileReference; lastKnownFileType = sourcecode.swift; path = TakePhotoView.swift; sourceTree = "<group>"; };
		CE8D551F2B32EAE000806426 /* DrawingView.swift */ = {isa = PBXFileReference; lastKnownFileType = sourcecode.swift; path = DrawingView.swift; sourceTree = "<group>"; };
		CE8D55212B32ED3F00806426 /* HomeView.swift */ = {isa = PBXFileReference; lastKnownFileType = sourcecode.swift; path = HomeView.swift; sourceTree = "<group>"; };
		CE8D552A2B3443F900806426 /* ImageData.swift */ = {isa = PBXFileReference; lastKnownFileType = sourcecode.swift; path = ImageData.swift; sourceTree = "<group>"; };
		CEA3DB522B4E896800323365 /* Assets.xcassets */ = {isa = PBXFileReference; lastKnownFileType = folder.assetcatalog; name = Assets.xcassets; path = "../../../drAwing-tRaveler-swift-only/swift-only/client/client/Assets.xcassets"; sourceTree = "<group>"; };
		CEA3DB542B4E8C0400323365 /* ArSplash.swift */ = {isa = PBXFileReference; lastKnownFileType = sourcecode.swift; path = ArSplash.swift; sourceTree = "<group>"; };
		CEB9CDA82B3ADEF80066D3F3 /* Albums.swift */ = {isa = PBXFileReference; lastKnownFileType = sourcecode.swift; path = Albums.swift; sourceTree = "<group>"; };
		CEC7D8712B33308600C4B152 /* Useage.swift */ = {isa = PBXFileReference; lastKnownFileType = sourcecode.swift; path = Useage.swift; sourceTree = "<group>"; };
		CEC7D8732B3330A400C4B152 /* Images.swift */ = {isa = PBXFileReference; lastKnownFileType = sourcecode.swift; path = Images.swift; sourceTree = "<group>"; };
/* End PBXFileReference section */

/* Begin PBXFrameworksBuildPhase section */
		CE8D54F22B32DCE100806426 /* Frameworks */ = {
			isa = PBXFrameworksBuildPhase;
			buildActionMask = 2147483647;
			files = (
				CEC7D86F2B332FB200C4B152 /* Alamofire in Frameworks */,
			);
			runOnlyForDeploymentPostprocessing = 0;
		};
/* End PBXFrameworksBuildPhase section */

/* Begin PBXGroup section */
		CE848CE02B3967380007D8D1 /* Utility */ = {
			isa = PBXGroup;
			children = (
				CE848CE22B3967570007D8D1 /* CustomButton.swift */,
				CE848CE42B39676E0007D8D1 /* PlaySound.swift */,
				CE8D552A2B3443F900806426 /* ImageData.swift */,
				CE5E89F12B4D529700578611 /* LoadingView.swift */,
			);
			path = Utility;
			sourceTree = "<group>";
		};
		CE8D54EC2B32DCE100806426 = {
			isa = PBXGroup;
			children = (
				CE8D54F72B32DCE100806426 /* client */,
				CE8D54F62B32DCE100806426 /* Products */,
			);
			sourceTree = "<group>";
		};
		CE8D54F62B32DCE100806426 /* Products */ = {
			isa = PBXGroup;
			children = (
				CE8D54F52B32DCE100806426 /* client.app */,
			);
			name = Products;
			sourceTree = "<group>";
		};
		CE8D54F72B32DCE100806426 /* client */ = {
			isa = PBXGroup;
			children = (
				CE848CE02B3967380007D8D1 /* Utility */,
				CE8D55072B32E76C00806426 /* HOME */,
				CE8D55062B32E75500806426 /* TOP */,
				CE8D54F82B32DCE100806426 /* clientApp.swift */,
				CEC7D8702B33304800C4B152 /* api */,
				CEA3DB522B4E896800323365 /* Assets.xcassets */,
				CE8D54FE2B32DCE300806426 /* Preview Content */,
			);
			path = client;
			sourceTree = "<group>";
		};
		CE8D54FE2B32DCE300806426 /* Preview Content */ = {
			isa = PBXGroup;
			children = (
				CE8D54FF2B32DCE300806426 /* Preview Assets.xcassets */,
			);
			path = "Preview Content";
			sourceTree = "<group>";
		};
		CE8D55062B32E75500806426 /* TOP */ = {
			isa = PBXGroup;
			children = (
				CE8D54FA2B32DCE100806426 /* TopView.swift */,
				CE848CDE2B3967000007D8D1 /* SplashView.swift */,
				CE8D550D2B32E7F400806426 /* Login */,
				CE8D550E2B32E7F900806426 /* Register */,
			);
			path = TOP;
			sourceTree = "<group>";
		};
		CE8D55072B32E76C00806426 /* HOME */ = {
			isa = PBXGroup;
			children = (
				CE8D55212B32ED3F00806426 /* HomeView.swift */,
				CE8D55082B32E77600806426 /* SelectImage */,
				CE8D550A2B32E7B200806426 /* Album */,
				CE8D550B2B32E7B900806426 /* TakePhoto */,
				CE8D550C2B32E7C000806426 /* Drawing */,
			);
			path = HOME;
			sourceTree = "<group>";
		};
		CE8D55082B32E77600806426 /* SelectImage */ = {
			isa = PBXGroup;
			children = (
				CE8D55172B32EA1B00806426 /* SelectImageView.swift */,
				CE8D55092B32E79100806426 /* TakeArPhoto */,
			);
			path = SelectImage;
			sourceTree = "<group>";
		};
		CE8D55092B32E79100806426 /* TakeArPhoto */ = {
			isa = PBXGroup;
			children = (
				CE8D55192B32EA4100806426 /* TakeArPhotoView.swift */,
				CEA3DB542B4E8C0400323365 /* ArSplash.swift */,
			);
			path = TakeArPhoto;
			sourceTree = "<group>";
		};
		CE8D550A2B32E7B200806426 /* Album */ = {
			isa = PBXGroup;
			children = (
				CE8D551B2B32EA7900806426 /* AlbumView.swift */,
			);
			path = Album;
			sourceTree = "<group>";
		};
		CE8D550B2B32E7B900806426 /* TakePhoto */ = {
			isa = PBXGroup;
			children = (
				CE8D551D2B32EA9200806426 /* TakePhotoView.swift */,
			);
			path = TakePhoto;
			sourceTree = "<group>";
		};
		CE8D550C2B32E7C000806426 /* Drawing */ = {
			isa = PBXGroup;
			children = (
				CE8D551F2B32EAE000806426 /* DrawingView.swift */,
			);
			path = Drawing;
			sourceTree = "<group>";
		};
		CE8D550D2B32E7F400806426 /* Login */ = {
			isa = PBXGroup;
			children = (
				CE8D550F2B32E8FE00806426 /* LoginEntryView.swift */,
				CE8D55132B32E97000806426 /* LoginMainView.swift */,
			);
			path = Login;
			sourceTree = "<group>";
		};
		CE8D550E2B32E7F900806426 /* Register */ = {
			isa = PBXGroup;
			children = (
				CE8D55112B32E91C00806426 /* RegisterEntryView.swift */,
				CE8D55152B32E9B800806426 /* RegisterMainView.swift */,
			);
			path = Register;
			sourceTree = "<group>";
		};
		CEC7D8702B33304800C4B152 /* api */ = {
			isa = PBXGroup;
			children = (
				CEC7D8712B33308600C4B152 /* Useage.swift */,
				CEC7D8732B3330A400C4B152 /* Images.swift */,
				CE252F382B3C7463009CBD15 /* Auth.swift */,
				CEB9CDA82B3ADEF80066D3F3 /* Albums.swift */,
			);
			path = api;
			sourceTree = "<group>";
		};
/* End PBXGroup section */

/* Begin PBXNativeTarget section */
		CE8D54F42B32DCE100806426 /* client */ = {
			isa = PBXNativeTarget;
			buildConfigurationList = CE8D55032B32DCE300806426 /* Build configuration list for PBXNativeTarget "client" */;
			buildPhases = (
				CE8D54F12B32DCE100806426 /* Sources */,
				CE8D54F22B32DCE100806426 /* Frameworks */,
				CE8D54F32B32DCE100806426 /* Resources */,
			);
			buildRules = (
			);
			dependencies = (
			);
			name = client;
			packageProductDependencies = (
				CEC7D86E2B332FB200C4B152 /* Alamofire */,
			);
			productName = client;
			productReference = CE8D54F52B32DCE100806426 /* client.app */;
			productType = "com.apple.product-type.application";
		};
/* End PBXNativeTarget section */

/* Begin PBXProject section */
		CE8D54ED2B32DCE100806426 /* Project object */ = {
			isa = PBXProject;
			attributes = {
				BuildIndependentTargetsInParallel = 1;
				LastSwiftUpdateCheck = 1500;
				LastUpgradeCheck = 1500;
				TargetAttributes = {
					CE8D54F42B32DCE100806426 = {
						CreatedOnToolsVersion = 15.0.1;
					};
				};
			};
			buildConfigurationList = CE8D54F02B32DCE100806426 /* Build configuration list for PBXProject "client" */;
			compatibilityVersion = "Xcode 14.0";
			developmentRegion = en;
			hasScannedForEncodings = 0;
			knownRegions = (
				en,
				Base,
			);
			mainGroup = CE8D54EC2B32DCE100806426;
			packageReferences = (
				CEC7D86D2B332FB200C4B152 /* XCRemoteSwiftPackageReference "Alamofire" */,
			);
			productRefGroup = CE8D54F62B32DCE100806426 /* Products */;
			projectDirPath = "";
			projectRoot = "";
			targets = (
				CE8D54F42B32DCE100806426 /* client */,
			);
		};
/* End PBXProject section */

/* Begin PBXResourcesBuildPhase section */
		CE8D54F32B32DCE100806426 /* Resources */ = {
			isa = PBXResourcesBuildPhase;
			buildActionMask = 2147483647;
			files = (
				CE8D55002B32DCE300806426 /* Preview Assets.xcassets in Resources */,
				CEA3DB532B4E896800323365 /* Assets.xcassets in Resources */,
			);
			runOnlyForDeploymentPostprocessing = 0;
		};
/* End PBXResourcesBuildPhase section */

/* Begin PBXSourcesBuildPhase section */
		CE8D54F12B32DCE100806426 /* Sources */ = {
			isa = PBXSourcesBuildPhase;
			buildActionMask = 2147483647;
			files = (
				CE8D55162B32E9B800806426 /* RegisterMainView.swift in Sources */,
				CE848CE52B39676E0007D8D1 /* PlaySound.swift in Sources */,
				CE848CDF2B3967000007D8D1 /* SplashView.swift in Sources */,
				CEA3DB552B4E8C0400323365 /* ArSplash.swift in Sources */,
				CE5E89F22B4D529700578611 /* LoadingView.swift in Sources */,
				CE8D55182B32EA1B00806426 /* SelectImageView.swift in Sources */,
				CE8D55102B32E8FE00806426 /* LoginEntryView.swift in Sources */,
				CE8D551C2B32EA7900806426 /* AlbumView.swift in Sources */,
				CE8D54FB2B32DCE100806426 /* TopView.swift in Sources */,
				CE8D55142B32E97000806426 /* LoginMainView.swift in Sources */,
				CE8D551E2B32EA9200806426 /* TakePhotoView.swift in Sources */,
				CEC7D8742B3330A400C4B152 /* Images.swift in Sources */,
				CE8D552B2B3443F900806426 /* ImageData.swift in Sources */,
				CE252F392B3C7463009CBD15 /* Auth.swift in Sources */,
				CE8D551A2B32EA4100806426 /* TakeArPhotoView.swift in Sources */,
				CE8D55122B32E91C00806426 /* RegisterEntryView.swift in Sources */,
				CE8D55222B32ED3F00806426 /* HomeView.swift in Sources */,
				CEB9CDA92B3ADEF80066D3F3 /* Albums.swift in Sources */,
				CE848CE32B3967570007D8D1 /* CustomButton.swift in Sources */,
				CE8D55202B32EAE000806426 /* DrawingView.swift in Sources */,
				CEC7D8722B33308600C4B152 /* Useage.swift in Sources */,
				CE8D54F92B32DCE100806426 /* clientApp.swift in Sources */,
			);
			runOnlyForDeploymentPostprocessing = 0;
		};
/* End PBXSourcesBuildPhase section */

/* Begin XCBuildConfiguration section */
		CE8D55012B32DCE300806426 /* Debug */ = {
			isa = XCBuildConfiguration;
			buildSettings = {
				ALWAYS_SEARCH_USER_PATHS = NO;
				ASSETCATALOG_COMPILER_GENERATE_SWIFT_ASSET_SYMBOL_EXTENSIONS = YES;
				CLANG_ANALYZER_NONNULL = YES;
				CLANG_ANALYZER_NUMBER_OBJECT_CONVERSION = YES_AGGRESSIVE;
				CLANG_CXX_LANGUAGE_STANDARD = "gnu++20";
				CLANG_ENABLE_MODULES = YES;
				CLANG_ENABLE_OBJC_ARC = YES;
				CLANG_ENABLE_OBJC_WEAK = YES;
				CLANG_WARN_BLOCK_CAPTURE_AUTORELEASING = YES;
				CLANG_WARN_BOOL_CONVERSION = YES;
				CLANG_WARN_COMMA = YES;
				CLANG_WARN_CONSTANT_CONVERSION = YES;
				CLANG_WARN_DEPRECATED_OBJC_IMPLEMENTATIONS = YES;
				CLANG_WARN_DIRECT_OBJC_ISA_USAGE = YES_ERROR;
				CLANG_WARN_DOCUMENTATION_COMMENTS = YES;
				CLANG_WARN_EMPTY_BODY = YES;
				CLANG_WARN_ENUM_CONVERSION = YES;
				CLANG_WARN_INFINITE_RECURSION = YES;
				CLANG_WARN_INT_CONVERSION = YES;
				CLANG_WARN_NON_LITERAL_NULL_CONVERSION = YES;
				CLANG_WARN_OBJC_IMPLICIT_RETAIN_SELF = YES;
				CLANG_WARN_OBJC_LITERAL_CONVERSION = YES;
				CLANG_WARN_OBJC_ROOT_CLASS = YES_ERROR;
				CLANG_WARN_QUOTED_INCLUDE_IN_FRAMEWORK_HEADER = YES;
				CLANG_WARN_RANGE_LOOP_ANALYSIS = YES;
				CLANG_WARN_STRICT_PROTOTYPES = YES;
				CLANG_WARN_SUSPICIOUS_MOVE = YES;
				CLANG_WARN_UNGUARDED_AVAILABILITY = YES_AGGRESSIVE;
				CLANG_WARN_UNREACHABLE_CODE = YES;
				CLANG_WARN__DUPLICATE_METHOD_MATCH = YES;
				COPY_PHASE_STRIP = NO;
				DEBUG_INFORMATION_FORMAT = dwarf;
				ENABLE_STRICT_OBJC_MSGSEND = YES;
				ENABLE_TESTABILITY = YES;
				ENABLE_USER_SCRIPT_SANDBOXING = YES;
				GCC_C_LANGUAGE_STANDARD = gnu17;
				GCC_DYNAMIC_NO_PIC = NO;
				GCC_NO_COMMON_BLOCKS = YES;
				GCC_OPTIMIZATION_LEVEL = 0;
				GCC_PREPROCESSOR_DEFINITIONS = (
					"DEBUG=1",
					"$(inherited)",
				);
				GCC_WARN_64_TO_32_BIT_CONVERSION = YES;
				GCC_WARN_ABOUT_RETURN_TYPE = YES_ERROR;
				GCC_WARN_UNDECLARED_SELECTOR = YES;
				GCC_WARN_UNINITIALIZED_AUTOS = YES_AGGRESSIVE;
				GCC_WARN_UNUSED_FUNCTION = YES;
				GCC_WARN_UNUSED_VARIABLE = YES;
				IPHONEOS_DEPLOYMENT_TARGET = 17.0;
				LOCALIZATION_PREFERS_STRING_CATALOGS = YES;
				MTL_ENABLE_DEBUG_INFO = INCLUDE_SOURCE;
				MTL_FAST_MATH = YES;
				ONLY_ACTIVE_ARCH = YES;
				SDKROOT = iphoneos;
				SWIFT_ACTIVE_COMPILATION_CONDITIONS = "DEBUG $(inherited)";
				SWIFT_OPTIMIZATION_LEVEL = "-Onone";
			};
			name = Debug;
		};
		CE8D55022B32DCE300806426 /* Release */ = {
			isa = XCBuildConfiguration;
			buildSettings = {
				ALWAYS_SEARCH_USER_PATHS = NO;
				ASSETCATALOG_COMPILER_GENERATE_SWIFT_ASSET_SYMBOL_EXTENSIONS = YES;
				CLANG_ANALYZER_NONNULL = YES;
				CLANG_ANALYZER_NUMBER_OBJECT_CONVERSION = YES_AGGRESSIVE;
				CLANG_CXX_LANGUAGE_STANDARD = "gnu++20";
				CLANG_ENABLE_MODULES = YES;
				CLANG_ENABLE_OBJC_ARC = YES;
				CLANG_ENABLE_OBJC_WEAK = YES;
				CLANG_WARN_BLOCK_CAPTURE_AUTORELEASING = YES;
				CLANG_WARN_BOOL_CONVERSION = YES;
				CLANG_WARN_COMMA = YES;
				CLANG_WARN_CONSTANT_CONVERSION = YES;
				CLANG_WARN_DEPRECATED_OBJC_IMPLEMENTATIONS = YES;
				CLANG_WARN_DIRECT_OBJC_ISA_USAGE = YES_ERROR;
				CLANG_WARN_DOCUMENTATION_COMMENTS = YES;
				CLANG_WARN_EMPTY_BODY = YES;
				CLANG_WARN_ENUM_CONVERSION = YES;
				CLANG_WARN_INFINITE_RECURSION = YES;
				CLANG_WARN_INT_CONVERSION = YES;
				CLANG_WARN_NON_LITERAL_NULL_CONVERSION = YES;
				CLANG_WARN_OBJC_IMPLICIT_RETAIN_SELF = YES;
				CLANG_WARN_OBJC_LITERAL_CONVERSION = YES;
				CLANG_WARN_OBJC_ROOT_CLASS = YES_ERROR;
				CLANG_WARN_QUOTED_INCLUDE_IN_FRAMEWORK_HEADER = YES;
				CLANG_WARN_RANGE_LOOP_ANALYSIS = YES;
				CLANG_WARN_STRICT_PROTOTYPES = YES;
				CLANG_WARN_SUSPICIOUS_MOVE = YES;
				CLANG_WARN_UNGUARDED_AVAILABILITY = YES_AGGRESSIVE;
				CLANG_WARN_UNREACHABLE_CODE = YES;
				CLANG_WARN__DUPLICATE_METHOD_MATCH = YES;
				COPY_PHASE_STRIP = NO;
				DEBUG_INFORMATION_FORMAT = "dwarf-with-dsym";
				ENABLE_NS_ASSERTIONS = NO;
				ENABLE_STRICT_OBJC_MSGSEND = YES;
				ENABLE_USER_SCRIPT_SANDBOXING = YES;
				GCC_C_LANGUAGE_STANDARD = gnu17;
				GCC_NO_COMMON_BLOCKS = YES;
				GCC_WARN_64_TO_32_BIT_CONVERSION = YES;
				GCC_WARN_ABOUT_RETURN_TYPE = YES_ERROR;
				GCC_WARN_UNDECLARED_SELECTOR = YES;
				GCC_WARN_UNINITIALIZED_AUTOS = YES_AGGRESSIVE;
				GCC_WARN_UNUSED_FUNCTION = YES;
				GCC_WARN_UNUSED_VARIABLE = YES;
				IPHONEOS_DEPLOYMENT_TARGET = 17.0;
				LOCALIZATION_PREFERS_STRING_CATALOGS = YES;
				MTL_ENABLE_DEBUG_INFO = NO;
				MTL_FAST_MATH = YES;
				SDKROOT = iphoneos;
				SWIFT_COMPILATION_MODE = wholemodule;
				VALIDATE_PRODUCT = YES;
			};
			name = Release;
		};
		CE8D55042B32DCE300806426 /* Debug */ = {
			isa = XCBuildConfiguration;
			buildSettings = {
				ASSETCATALOG_COMPILER_APPICON_NAME = AppIcon;
				ASSETCATALOG_COMPILER_GLOBAL_ACCENT_COLOR_NAME = AccentColor;
				CODE_SIGN_STYLE = Automatic;
				CURRENT_PROJECT_VERSION = 1;
				DEVELOPMENT_ASSET_PATHS = "\"client/Preview Content\"";
				DEVELOPMENT_TEAM = LBAQD48WFX;
				ENABLE_PREVIEWS = YES;
				GENERATE_INFOPLIST_FILE = YES;
				INFOPLIST_KEY_NSCameraUsageDescription = "このアプリはカメラを使用します";
				INFOPLIST_KEY_UIApplicationSceneManifest_Generation = YES;
				INFOPLIST_KEY_UIApplicationSupportsIndirectInputEvents = YES;
				INFOPLIST_KEY_UILaunchScreen_Generation = YES;
				INFOPLIST_KEY_UISupportedInterfaceOrientations = "UIInterfaceOrientationLandscapeLeft UIInterfaceOrientationLandscapeRight";
				INFOPLIST_KEY_UIUserInterfaceStyle = Light;
				LD_RUNPATH_SEARCH_PATHS = (
					"$(inherited)",
					"@executable_path/Frameworks",
				);
				MARKETING_VERSION = 1.0;
				PRODUCT_BUNDLE_IDENTIFIER = com.myu.HelloWorld;
				PRODUCT_NAME = "$(TARGET_NAME)";
				SWIFT_EMIT_LOC_STRINGS = YES;
				SWIFT_VERSION = 5.0;
				TARGETED_DEVICE_FAMILY = "1,2";
			};
			name = Debug;
		};
		CE8D55052B32DCE300806426 /* Release */ = {
			isa = XCBuildConfiguration;
			buildSettings = {
				ASSETCATALOG_COMPILER_APPICON_NAME = AppIcon;
				ASSETCATALOG_COMPILER_GLOBAL_ACCENT_COLOR_NAME = AccentColor;
				CODE_SIGN_STYLE = Automatic;
				CURRENT_PROJECT_VERSION = 1;
				DEVELOPMENT_ASSET_PATHS = "\"client/Preview Content\"";
				DEVELOPMENT_TEAM = LBAQD48WFX;
				ENABLE_PREVIEWS = YES;
				GENERATE_INFOPLIST_FILE = YES;
				INFOPLIST_KEY_NSCameraUsageDescription = "このアプリはカメラを使用します";
				INFOPLIST_KEY_UIApplicationSceneManifest_Generation = YES;
				INFOPLIST_KEY_UIApplicationSupportsIndirectInputEvents = YES;
				INFOPLIST_KEY_UILaunchScreen_Generation = YES;
				INFOPLIST_KEY_UISupportedInterfaceOrientations = "UIInterfaceOrientationLandscapeLeft UIInterfaceOrientationLandscapeRight";
				INFOPLIST_KEY_UIUserInterfaceStyle = Light;
				LD_RUNPATH_SEARCH_PATHS = (
					"$(inherited)",
					"@executable_path/Frameworks",
				);
				MARKETING_VERSION = 1.0;
				PRODUCT_BUNDLE_IDENTIFIER = com.myu.HelloWorld;
				PRODUCT_NAME = "$(TARGET_NAME)";
				SWIFT_EMIT_LOC_STRINGS = YES;
				SWIFT_VERSION = 5.0;
				TARGETED_DEVICE_FAMILY = "1,2";
			};
			name = Release;
		};
/* End XCBuildConfiguration section */

/* Begin XCConfigurationList section */
		CE8D54F02B32DCE100806426 /* Build configuration list for PBXProject "client" */ = {
			isa = XCConfigurationList;
			buildConfigurations = (
				CE8D55012B32DCE300806426 /* Debug */,
				CE8D55022B32DCE300806426 /* Release */,
			);
			defaultConfigurationIsVisible = 0;
			defaultConfigurationName = Release;
		};
		CE8D55032B32DCE300806426 /* Build configuration list for PBXNativeTarget "client" */ = {
			isa = XCConfigurationList;
			buildConfigurations = (
				CE8D55042B32DCE300806426 /* Debug */,
				CE8D55052B32DCE300806426 /* Release */,
			);
			defaultConfigurationIsVisible = 0;
			defaultConfigurationName = Release;
		};
/* End XCConfigurationList section */

/* Begin XCRemoteSwiftPackageReference section */
		CEC7D86D2B332FB200C4B152 /* XCRemoteSwiftPackageReference "Alamofire" */ = {
			isa = XCRemoteSwiftPackageReference;
			repositoryURL = "https://github.com/Alamofire/Alamofire.git";
			requirement = {
				kind = upToNextMajorVersion;
				minimumVersion = 5.8.1;
			};
		};
/* End XCRemoteSwiftPackageReference section */

/* Begin XCSwiftPackageProductDependency section */
		CEC7D86E2B332FB200C4B152 /* Alamofire */ = {
			isa = XCSwiftPackageProductDependency;
			package = CEC7D86D2B332FB200C4B152 /* XCRemoteSwiftPackageReference "Alamofire" */;
			productName = Alamofire;
		};
/* End XCSwiftPackageProductDependency section */
	};
	rootObject = CE8D54ED2B32DCE100806426 /* Project object */;
}
